
Microsoft Visual Studio Solution File, Format Version 12.00
# Visual Studio Version 17
VisualStudioVersion = 17.2.32616.157
MinimumVisualStudioVersion = 10.0.40219.1
Project("{9A19103F-16F7-4668-BE54-9A1E7A4F7556}") = "XiuxianGame", "XiuxianGame\XiuxianGame.csproj", "{ED17707A-ADA1-4C08-9889-ACAF36AE220B}"
EndProject
Project("{FAE04EC0-301F-11D3-BF4B-00C04F79EFBC}") = "XiuxianGameManager", "XiuxianGameManager\XiuxianGameManager.csproj", "{B90E1E5E-D340-4D8E-ADFC-C500A3E5B8B2}"
EndProject
Global
	GlobalSection(SolutionConfigurationPlatforms) = preSolution
		Debug|Any CPU = Debug|Any CPU
		Release|Any CPU = Release|Any CPU
	EndGlobalSection
	GlobalSection(ProjectConfigurationPlatforms) = postSolution
		{ED17707A-ADA1-4C08-9889-ACAF36AE220B}.Debug|Any CPU.ActiveCfg = Debug|Any CPU
		{ED17707A-ADA1-4C08-9889-ACAF36AE220B}.Debug|Any CPU.Build.0 = Debug|Any CPU
		{ED17707A-ADA1-4C08-9889-ACAF36AE220B}.Release|Any CPU.ActiveCfg = Release|Any CPU
		{ED17707A-ADA1-4C08-9889-ACAF36AE220B}.Release|Any CPU.Build.0 = Release|Any CPU
		{B90E1E5E-D340-4D8E-ADFC-C500A3E5B8B2}.Debug|Any CPU.ActiveCfg = Debug|Any CPU
		{B90E1E5E-D340-4D8E-ADFC-C500A3E5B8B2}.Debug|Any CPU.Build.0 = Debug|Any CPU
		{B90E1E5E-D340-4D8E-ADFC-C500A3E5B8B2}.Release|Any CPU.ActiveCfg = Release|Any CPU
		{B90E1E5E-D340-4D8E-ADFC-C500A3E5B8B2}.Release|Any CPU.Build.0 = Release|Any CPU
	EndGlobalSection
	GlobalSection(SolutionProperties) = preSolution
		HideSolutionNode = FALSE
	EndGlobalSection
	GlobalSection(ExtensibilityGlobals) = postSolution
		SolutionGuid = {EBD9EAAA-9B85-485E-ADE0-B7C9C29434E4}
	EndGlobalSection
EndGlobal
